
Microsoft Visual Studio Solution File, Format Version 12.00
# Visual Studio Version 16
VisualStudioVersion = 25.0.1704.1
MinimumVisualStudioVersion = 10.0.40219.1
Project("{FAE04EC0-301F-11D3-BF4B-00C04F79EFBC}") = "PetrolStation_v3", "PetrolStation_v3.csproj", "{797280CF-51B5-4971-8E2A-0CFB5CC15D2F}"
EndProject
Global
	GlobalSection(SolutionConfigurationPlatforms) = preSolution
		Debug|Any CPU = Debug|Any CPU
		Release|Any CPU = Release|Any CPU
	EndGlobalSection
	GlobalSection(ProjectConfigurationPlatforms) = postSolution
		{797280CF-51B5-4971-8E2A-0CFB5CC15D2F}.Debug|Any CPU.ActiveCfg = Debug|Any CPU
		{797280CF-51B5-4971-8E2A-0CFB5CC15D2F}.Debug|Any CPU.Build.0 = Debug|Any CPU
		{797280CF-51B5-4971-8E2A-0CFB5CC15D2F}.Release|Any CPU.ActiveCfg = Release|Any CPU
		{797280CF-51B5-4971-8E2A-0CFB5CC15D2F}.Release|Any CPU.Build.0 = Release|Any CPU
	EndGlobalSection
	GlobalSection(SolutionProperties) = preSolution
		HideSolutionNode = FALSE
	EndGlobalSection
	GlobalSection(ExtensibilityGlobals) = postSolution
		SolutionGuid = {1572EABE-7002-4668-A9D0-603728C1FD56}
	EndGlobalSection
EndGlobal
